// !$*UTF8*$!
{
	archiveVersion = 1;
	classes = {
	};
	objectVersion = 46;
	objects = {

/* Begin PBXBuildFile section */
		B22B320019C3549000E6AC15 /* bg@2x.jpg in Resources */ = {isa = PBXBuildFile; fileRef = B22B31FF19C3549000E6AC15 /* bg@2x.jpg */; };
		B22B321B19C35F3200E6AC15 /* MASCompositeConstraint.m in Sources */ = {isa = PBXBuildFile; fileRef = B22B320519C35F3200E6AC15 /* MASCompositeConstraint.m */; };
		B22B321C19C35F3200E6AC15 /* MASConstraint.m in Sources */ = {isa = PBXBuildFile; fileRef = B22B320819C35F3200E6AC15 /* MASConstraint.m */; };
		B22B321D19C35F3200E6AC15 /* MASConstraintMaker.m in Sources */ = {isa = PBXBuildFile; fileRef = B22B320A19C35F3200E6AC15 /* MASConstraintMaker.m */; };
		B22B321E19C35F3200E6AC15 /* MASLayoutConstraint.m in Sources */ = {isa = PBXBuildFile; fileRef = B22B320C19C35F3200E6AC15 /* MASLayoutConstraint.m */; };
		B22B321F19C35F3200E6AC15 /* MASViewAttribute.m in Sources */ = {isa = PBXBuildFile; fileRef = B22B321019C35F3200E6AC15 /* MASViewAttribute.m */; };
		B22B322019C35F3200E6AC15 /* MASViewConstraint.m in Sources */ = {isa = PBXBuildFile; fileRef = B22B321219C35F3200E6AC15 /* MASViewConstraint.m */; };
		B22B322119C35F3200E6AC15 /* NSArray+MASAdditions.m in Sources */ = {isa = PBXBuildFile; fileRef = B22B321419C35F3200E6AC15 /* NSArray+MASAdditions.m */; };
		B22B322219C35F3200E6AC15 /* NSLayoutConstraint+MASDebugAdditions.m in Sources */ = {isa = PBXBuildFile; fileRef = B22B321719C35F3200E6AC15 /* NSLayoutConstraint+MASDebugAdditions.m */; };
		B22B322319C35F3200E6AC15 /* View+MASAdditions.m in Sources */ = {isa = PBXBuildFile; fileRef = B22B321919C35F3200E6AC15 /* View+MASAdditions.m */; };
		B22B322519C363F000E6AC15 /* LICENSE in Resources */ = {isa = PBXBuildFile; fileRef = B22B322419C363F000E6AC15 /* LICENSE */; };
		B22B322719C3642100E6AC15 /* demo.gif in Resources */ = {isa = PBXBuildFile; fileRef = B22B322619C3642100E6AC15 /* demo.gif */; };
		B23338A319C343940076B447 /* Foundation.framework in Frameworks */ = {isa = PBXBuildFile; fileRef = B23338A219C343940076B447 /* Foundation.framework */; };
		B23338A519C343940076B447 /* CoreGraphics.framework in Frameworks */ = {isa = PBXBuildFile; fileRef = B23338A419C343940076B447 /* CoreGraphics.framework */; };
		B23338A719C343940076B447 /* UIKit.framework in Frameworks */ = {isa = PBXBuildFile; fileRef = B23338A619C343940076B447 /* UIKit.framework */; };
		B23338AD19C343940076B447 /* InfoPlist.strings in Resources */ = {isa = PBXBuildFile; fileRef = B23338AB19C343940076B447 /* InfoPlist.strings */; };
		B23338AF19C343940076B447 /* main.m in Sources */ = {isa = PBXBuildFile; fileRef = B23338AE19C343940076B447 /* main.m */; };
		B23338B319C343940076B447 /* AppDelegate.m in Sources */ = {isa = PBXBuildFile; fileRef = B23338B219C343940076B447 /* AppDelegate.m */; };
		B23338B519C343940076B447 /* Images.xcassets in Resources */ = {isa = PBXBuildFile; fileRef = B23338B419C343940076B447 /* Images.xcassets */; };
		B23338BC19C343940076B447 /* XCTest.framework in Frameworks */ = {isa = PBXBuildFile; fileRef = B23338BB19C343940076B447 /* XCTest.framework */; };
		B23338BD19C343940076B447 /* Foundation.framework in Frameworks */ = {isa = PBXBuildFile; fileRef = B23338A219C343940076B447 /* Foundation.framework */; };
		B23338BE19C343940076B447 /* UIKit.framework in Frameworks */ = {isa = PBXBuildFile; fileRef = B23338A619C343940076B447 /* UIKit.framework */; };
		B23338C619C343940076B447 /* InfoPlist.strings in Resources */ = {isa = PBXBuildFile; fileRef = B23338C419C343940076B447 /* InfoPlist.strings */; };
		B23338C819C343940076B447 /* StrechyParallaxScrollViewTests.m in Sources */ = {isa = PBXBuildFile; fileRef = B23338C719C343940076B447 /* StrechyParallaxScrollViewTests.m */; };
		B23338D419C343E60076B447 /* StrechyParallaxScrollView.m in Sources */ = {isa = PBXBuildFile; fileRef = B23338D319C343E60076B447 /* StrechyParallaxScrollView.m */; };
		B23338D719C343F40076B447 /* TestViewController.m in Sources */ = {isa = PBXBuildFile; fileRef = B23338D619C343F40076B447 /* TestViewController.m */; };
		B23338D919C354410076B447 /* profile@2x.jpg in Resources */ = {isa = PBXBuildFile; fileRef = B23338D819C354410076B447 /* profile@2x.jpg */; };
/* End PBXBuildFile section */

/* Begin PBXContainerItemProxy section */
		B23338BF19C343940076B447 /* PBXContainerItemProxy */ = {
			isa = PBXContainerItemProxy;
			containerPortal = B233389719C343940076B447 /* Project object */;
			proxyType = 1;
			remoteGlobalIDString = B233389E19C343940076B447;
			remoteInfo = StrechyParallaxScrollView;
		};
/* End PBXContainerItemProxy section */

/* Begin PBXFileReference section */
		B22B31FF19C3549000E6AC15 /* bg@2x.jpg */ = {isa = PBXFileReference; lastKnownFileType = image.jpeg; path = "bg@2x.jpg"; sourceTree = "<group>"; };
		B22B320419C35F3200E6AC15 /* MASCompositeConstraint.h */ = {isa = PBXFileReference; fileEncoding = 4; lastKnownFileType = sourcecode.c.h; path = MASCompositeConstraint.h; sourceTree = "<group>"; };
		B22B320519C35F3200E6AC15 /* MASCompositeConstraint.m */ = {isa = PBXFileReference; fileEncoding = 4; lastKnownFileType = sourcecode.c.objc; path = MASCompositeConstraint.m; sourceTree = "<group>"; };
		B22B320619C35F3200E6AC15 /* MASConstraint+Private.h */ = {isa = PBXFileReference; fileEncoding = 4; lastKnownFileType = sourcecode.c.h; path = "MASConstraint+Private.h"; sourceTree = "<group>"; };
		B22B320719C35F3200E6AC15 /* MASConstraint.h */ = {isa = PBXFileReference; fileEncoding = 4; lastKnownFileType = sourcecode.c.h; path = MASConstraint.h; sourceTree = "<group>"; };
		B22B320819C35F3200E6AC15 /* MASConstraint.m */ = {isa = PBXFileReference; fileEncoding = 4; lastKnownFileType = sourcecode.c.objc; path = MASConstraint.m; sourceTree = "<group>"; };
		B22B320919C35F3200E6AC15 /* MASConstraintMaker.h */ = {isa = PBXFileReference; fileEncoding = 4; lastKnownFileType = sourcecode.c.h; path = MASConstraintMaker.h; sourceTree = "<group>"; };
		B22B320A19C35F3200E6AC15 /* MASConstraintMaker.m */ = {isa = PBXFileReference; fileEncoding = 4; lastKnownFileType = sourcecode.c.objc; path = MASConstraintMaker.m; sourceTree = "<group>"; };
		B22B320B19C35F3200E6AC15 /* MASLayoutConstraint.h */ = {isa = PBXFileReference; fileEncoding = 4; lastKnownFileType = sourcecode.c.h; path = MASLayoutConstraint.h; sourceTree = "<group>"; };
		B22B320C19C35F3200E6AC15 /* MASLayoutConstraint.m */ = {isa = PBXFileReference; fileEncoding = 4; lastKnownFileType = sourcecode.c.objc; path = MASLayoutConstraint.m; sourceTree = "<group>"; };
		B22B320D19C35F3200E6AC15 /* Masonry.h */ = {isa = PBXFileReference; fileEncoding = 4; lastKnownFileType = sourcecode.c.h; path = Masonry.h; sourceTree = "<group>"; };
		B22B320E19C35F3200E6AC15 /* MASUtilities.h */ = {isa = PBXFileReference; fileEncoding = 4; lastKnownFileType = sourcecode.c.h; path = MASUtilities.h; sourceTree = "<group>"; };
		B22B320F19C35F3200E6AC15 /* MASViewAttribute.h */ = {isa = PBXFileReference; fileEncoding = 4; lastKnownFileType = sourcecode.c.h; path = MASViewAttribute.h; sourceTree = "<group>"; };
		B22B321019C35F3200E6AC15 /* MASViewAttribute.m */ = {isa = PBXFileReference; fileEncoding = 4; lastKnownFileType = sourcecode.c.objc; path = MASViewAttribute.m; sourceTree = "<group>"; };
		B22B321119C35F3200E6AC15 /* MASViewConstraint.h */ = {isa = PBXFileReference; fileEncoding = 4; lastKnownFileType = sourcecode.c.h; path = MASViewConstraint.h; sourceTree = "<group>"; };
		B22B321219C35F3200E6AC15 /* MASViewConstraint.m */ = {isa = PBXFileReference; fileEncoding = 4; lastKnownFileType = sourcecode.c.objc; path = MASViewConstraint.m; sourceTree = "<group>"; };
		B22B321319C35F3200E6AC15 /* NSArray+MASAdditions.h */ = {isa = PBXFileReference; fileEncoding = 4; lastKnownFileType = sourcecode.c.h; path = "NSArray+MASAdditions.h"; sourceTree = "<group>"; };
		B22B321419C35F3200E6AC15 /* NSArray+MASAdditions.m */ = {isa = PBXFileReference; fileEncoding = 4; lastKnownFileType = sourcecode.c.objc; path = "NSArray+MASAdditions.m"; sourceTree = "<group>"; };
		B22B321519C35F3200E6AC15 /* NSArray+MASShorthandAdditions.h */ = {isa = PBXFileReference; fileEncoding = 4; lastKnownFileType = sourcecode.c.h; path = "NSArray+MASShorthandAdditions.h"; sourceTree = "<group>"; };
		B22B321619C35F3200E6AC15 /* NSLayoutConstraint+MASDebugAdditions.h */ = {isa = PBXFileReference; fileEncoding = 4; lastKnownFileType = sourcecode.c.h; path = "NSLayoutConstraint+MASDebugAdditions.h"; sourceTree = "<group>"; };
		B22B321719C35F3200E6AC15 /* NSLayoutConstraint+MASDebugAdditions.m */ = {isa = PBXFileReference; fileEncoding = 4; lastKnownFileType = sourcecode.c.objc; path = "NSLayoutConstraint+MASDebugAdditions.m"; sourceTree = "<group>"; };
		B22B321819C35F3200E6AC15 /* View+MASAdditions.h */ = {isa = PBXFileReference; fileEncoding = 4; lastKnownFileType = sourcecode.c.h; path = "View+MASAdditions.h"; sourceTree = "<group>"; };
		B22B321919C35F3200E6AC15 /* View+MASAdditions.m */ = {isa = PBXFileReference; fileEncoding = 4; lastKnownFileType = sourcecode.c.objc; path = "View+MASAdditions.m"; sourceTree = "<group>"; };
		B22B321A19C35F3200E6AC15 /* View+MASShorthandAdditions.h */ = {isa = PBXFileReference; fileEncoding = 4; lastKnownFileType = sourcecode.c.h; path = "View+MASShorthandAdditions.h"; sourceTree = "<group>"; };
		B22B322419C363F000E6AC15 /* LICENSE */ = {isa = PBXFileReference; fileEncoding = 4; lastKnownFileType = text; path = LICENSE; sourceTree = "<group>"; };
		B22B322619C3642100E6AC15 /* demo.gif */ = {isa = PBXFileReference; lastKnownFileType = image.gif; path = demo.gif; sourceTree = "<group>"; };
		B233389F19C343940076B447 /* StrechyParallaxScrollView.app */ = {isa = PBXFileReference; explicitFileType = wrapper.application; includeInIndex = 0; path = StrechyParallaxScrollView.app; sourceTree = BUILT_PRODUCTS_DIR; };
		B23338A219C343940076B447 /* Foundation.framework */ = {isa = PBXFileReference; lastKnownFileType = wrapper.framework; name = Foundation.framework; path = System/Library/Frameworks/Foundation.framework; sourceTree = SDKROOT; };
		B23338A419C343940076B447 /* CoreGraphics.framework */ = {isa = PBXFileReference; lastKnownFileType = wrapper.framework; name = CoreGraphics.framework; path = System/Library/Frameworks/CoreGraphics.framework; sourceTree = SDKROOT; };
		B23338A619C343940076B447 /* UIKit.framework */ = {isa = PBXFileReference; lastKnownFileType = wrapper.framework; name = UIKit.framework; path = System/Library/Frameworks/UIKit.framework; sourceTree = SDKROOT; };
		B23338AA19C343940076B447 /* StrechyParallaxScrollView-Info.plist */ = {isa = PBXFileReference; lastKnownFileType = text.plist.xml; path = "StrechyParallaxScrollView-Info.plist"; sourceTree = "<group>"; };
		B23338AC19C343940076B447 /* en */ = {isa = PBXFileReference; lastKnownFileType = text.plist.strings; name = en; path = en.lproj/InfoPlist.strings; sourceTree = "<group>"; };
		B23338AE19C343940076B447 /* main.m */ = {isa = PBXFileReference; lastKnownFileType = sourcecode.c.objc; path = main.m; sourceTree = "<group>"; };
		B23338B019C343940076B447 /* StrechyParallaxScrollView-Prefix.pch */ = {isa = PBXFileReference; lastKnownFileType = sourcecode.c.h; path = "StrechyParallaxScrollView-Prefix.pch"; sourceTree = "<group>"; };
		B23338B119C343940076B447 /* AppDelegate.h */ = {isa = PBXFileReference; lastKnownFileType = sourcecode.c.h; path = AppDelegate.h; sourceTree = "<group>"; };
		B23338B219C343940076B447 /* AppDelegate.m */ = {isa = PBXFileReference; lastKnownFileType = sourcecode.c.objc; path = AppDelegate.m; sourceTree = "<group>"; };
		B23338B419C343940076B447 /* Images.xcassets */ = {isa = PBXFileReference; lastKnownFileType = folder.assetcatalog; path = Images.xcassets; sourceTree = "<group>"; };
		B23338BA19C343940076B447 /* StrechyParallaxScrollViewTests.xctest */ = {isa = PBXFileReference; explicitFileType = wrapper.cfbundle; includeInIndex = 0; path = StrechyParallaxScrollViewTests.xctest; sourceTree = BUILT_PRODUCTS_DIR; };
		B23338BB19C343940076B447 /* XCTest.framework */ = {isa = PBXFileReference; lastKnownFileType = wrapper.framework; name = XCTest.framework; path = Library/Frameworks/XCTest.framework; sourceTree = DEVELOPER_DIR; };
		B23338C319C343940076B447 /* StrechyParallaxScrollViewTests-Info.plist */ = {isa = PBXFileReference; lastKnownFileType = text.plist.xml; path = "StrechyParallaxScrollViewTests-Info.plist"; sourceTree = "<group>"; };
		B23338C519C343940076B447 /* en */ = {isa = PBXFileReference; lastKnownFileType = text.plist.strings; name = en; path = en.lproj/InfoPlist.strings; sourceTree = "<group>"; };
		B23338C719C343940076B447 /* StrechyParallaxScrollViewTests.m */ = {isa = PBXFileReference; lastKnownFileType = sourcecode.c.objc; path = StrechyParallaxScrollViewTests.m; sourceTree = "<group>"; };
		B23338D219C343E60076B447 /* StrechyParallaxScrollView.h */ = {isa = PBXFileReference; fileEncoding = 4; lastKnownFileType = sourcecode.c.h; name = StrechyParallaxScrollView.h; path = StrechyParallaxScrollView/StrechyParallaxScrollView.h; sourceTree = "<group>"; };
		B23338D319C343E60076B447 /* StrechyParallaxScrollView.m */ = {isa = PBXFileReference; fileEncoding = 4; lastKnownFileType = sourcecode.c.objc; name = StrechyParallaxScrollView.m; path = StrechyParallaxScrollView/StrechyParallaxScrollView.m; sourceTree = "<group>"; };
		B23338D519C343F40076B447 /* TestViewController.h */ = {isa = PBXFileReference; fileEncoding = 4; lastKnownFileType = sourcecode.c.h; path = TestViewController.h; sourceTree = "<group>"; };
		B23338D619C343F40076B447 /* TestViewController.m */ = {isa = PBXFileReference; fileEncoding = 4; lastKnownFileType = sourcecode.c.objc; path = TestViewController.m; sourceTree = "<group>"; };
		B23338D819C354410076B447 /* profile@2x.jpg */ = {isa = PBXFileReference; lastKnownFileType = image.jpeg; path = "profile@2x.jpg"; sourceTree = "<group>"; };
/* End PBXFileReference section */

/* Begin PBXFrameworksBuildPhase section */
		B233389C19C343940076B447 /* Frameworks */ = {
			isa = PBXFrameworksBuildPhase;
			buildActionMask = 2147483647;
			files = (
				B23338A519C343940076B447 /* CoreGraphics.framework in Frameworks */,
				B23338A719C343940076B447 /* UIKit.framework in Frameworks */,
				B23338A319C343940076B447 /* Foundation.framework in Frameworks */,
			);
			runOnlyForDeploymentPostprocessing = 0;
		};
		B23338B719C343940076B447 /* Frameworks */ = {
			isa = PBXFrameworksBuildPhase;
			buildActionMask = 2147483647;
			files = (
				B23338BC19C343940076B447 /* XCTest.framework in Frameworks */,
				B23338BE19C343940076B447 /* UIKit.framework in Frameworks */,
				B23338BD19C343940076B447 /* Foundation.framework in Frameworks */,
			);
			runOnlyForDeploymentPostprocessing = 0;
		};
/* End PBXFrameworksBuildPhase section */

/* Begin PBXGroup section */
		B22B320319C35F3200E6AC15 /* Masonry */ = {
			isa = PBXGroup;
			children = (
				B22B322419C363F000E6AC15 /* LICENSE */,
				B22B320419C35F3200E6AC15 /* MASCompositeConstraint.h */,
				B22B320519C35F3200E6AC15 /* MASCompositeConstraint.m */,
				B22B320619C35F3200E6AC15 /* MASConstraint+Private.h */,
				B22B320719C35F3200E6AC15 /* MASConstraint.h */,
				B22B320819C35F3200E6AC15 /* MASConstraint.m */,
				B22B320919C35F3200E6AC15 /* MASConstraintMaker.h */,
				B22B320A19C35F3200E6AC15 /* MASConstraintMaker.m */,
				B22B320B19C35F3200E6AC15 /* MASLayoutConstraint.h */,
				B22B320C19C35F3200E6AC15 /* MASLayoutConstraint.m */,
				B22B320D19C35F3200E6AC15 /* Masonry.h */,
				B22B320E19C35F3200E6AC15 /* MASUtilities.h */,
				B22B320F19C35F3200E6AC15 /* MASViewAttribute.h */,
				B22B321019C35F3200E6AC15 /* MASViewAttribute.m */,
				B22B321119C35F3200E6AC15 /* MASViewConstraint.h */,
				B22B321219C35F3200E6AC15 /* MASViewConstraint.m */,
				B22B321319C35F3200E6AC15 /* NSArray+MASAdditions.h */,
				B22B321419C35F3200E6AC15 /* NSArray+MASAdditions.m */,
				B22B321519C35F3200E6AC15 /* NSArray+MASShorthandAdditions.h */,
				B22B321619C35F3200E6AC15 /* NSLayoutConstraint+MASDebugAdditions.h */,
				B22B321719C35F3200E6AC15 /* NSLayoutConstraint+MASDebugAdditions.m */,
				B22B321819C35F3200E6AC15 /* View+MASAdditions.h */,
				B22B321919C35F3200E6AC15 /* View+MASAdditions.m */,
				B22B321A19C35F3200E6AC15 /* View+MASShorthandAdditions.h */,
			);
			path = Masonry;
			sourceTree = "<group>";
		};
		B233389619C343940076B447 = {
			isa = PBXGroup;
			children = (
				B23338A819C343940076B447 /* StrechyParallaxScrollView */,
				B23338C119C343940076B447 /* StrechyParallaxScrollViewTests */,
				B23338A119C343940076B447 /* Frameworks */,
				B23338A019C343940076B447 /* Products */,
			);
			sourceTree = "<group>";
		};
		B23338A019C343940076B447 /* Products */ = {
			isa = PBXGroup;
			children = (
				B233389F19C343940076B447 /* StrechyParallaxScrollView.app */,
				B23338BA19C343940076B447 /* StrechyParallaxScrollViewTests.xctest */,
			);
			name = Products;
			sourceTree = "<group>";
		};
		B23338A119C343940076B447 /* Frameworks */ = {
			isa = PBXGroup;
			children = (
				B23338A219C343940076B447 /* Foundation.framework */,
				B23338A419C343940076B447 /* CoreGraphics.framework */,
				B23338A619C343940076B447 /* UIKit.framework */,
				B23338BB19C343940076B447 /* XCTest.framework */,
			);
			name = Frameworks;
			sourceTree = "<group>";
		};
		B23338A819C343940076B447 /* StrechyParallaxScrollView */ = {
			isa = PBXGroup;
			children = (
				B22B320319C35F3200E6AC15 /* Masonry */,
				B23338D119C343AD0076B447 /* StrechyParallaxScrollView */,
				B23338B119C343940076B447 /* AppDelegate.h */,
				B23338B219C343940076B447 /* AppDelegate.m */,
				B23338B419C343940076B447 /* Images.xcassets */,
				B23338A919C343940076B447 /* Supporting Files */,
				B23338D519C343F40076B447 /* TestViewController.h */,
				B23338D619C343F40076B447 /* TestViewController.m */,
				B23338D819C354410076B447 /* profile@2x.jpg */,
				B22B31FF19C3549000E6AC15 /* bg@2x.jpg */,
				B22B322619C3642100E6AC15 /* demo.gif */,
			);
			path = StrechyParallaxScrollView;
			sourceTree = "<group>";
		};
		B23338A919C343940076B447 /* Supporting Files */ = {
			isa = PBXGroup;
			children = (
				B23338AA19C343940076B447 /* StrechyParallaxScrollView-Info.plist */,
				B23338AB19C343940076B447 /* InfoPlist.strings */,
				B23338AE19C343940076B447 /* main.m */,
				B23338B019C343940076B447 /* StrechyParallaxScrollView-Prefix.pch */,
			);
			name = "Supporting Files";
			sourceTree = "<group>";
		};
		B23338C119C343940076B447 /* StrechyParallaxScrollViewTests */ = {
			isa = PBXGroup;
			children = (
				B23338C719C343940076B447 /* StrechyParallaxScrollViewTests.m */,
				B23338C219C343940076B447 /* Supporting Files */,
			);
			path = StrechyParallaxScrollViewTests;
			sourceTree = "<group>";
		};
		B23338C219C343940076B447 /* Supporting Files */ = {
			isa = PBXGroup;
			children = (
				B23338C319C343940076B447 /* StrechyParallaxScrollViewTests-Info.plist */,
				B23338C419C343940076B447 /* InfoPlist.strings */,
			);
			name = "Supporting Files";
			sourceTree = "<group>";
		};
		B23338D119C343AD0076B447 /* StrechyParallaxScrollView */ = {
			isa = PBXGroup;
			children = (
				B23338D219C343E60076B447 /* StrechyParallaxScrollView.h */,
				B23338D319C343E60076B447 /* StrechyParallaxScrollView.m */,
			);
			name = StrechyParallaxScrollView;
			sourceTree = "<group>";
		};
/* End PBXGroup section */

/* Begin PBXNativeTarget section */
		B233389E19C343940076B447 /* StrechyParallaxScrollView */ = {
			isa = PBXNativeTarget;
			buildConfigurationList = B23338CB19C343940076B447 /* Build configuration list for PBXNativeTarget "StrechyParallaxScrollView" */;
			buildPhases = (
				B233389B19C343940076B447 /* Sources */,
				B233389C19C343940076B447 /* Frameworks */,
				B233389D19C343940076B447 /* Resources */,
			);
			buildRules = (
			);
			dependencies = (
			);
			name = StrechyParallaxScrollView;
			productName = StrechyParallaxScrollView;
			productReference = B233389F19C343940076B447 /* StrechyParallaxScrollView.app */;
			productType = "com.apple.product-type.application";
		};
		B23338B919C343940076B447 /* StrechyParallaxScrollViewTests */ = {
			isa = PBXNativeTarget;
			buildConfigurationList = B23338CE19C343940076B447 /* Build configuration list for PBXNativeTarget "StrechyParallaxScrollViewTests" */;
			buildPhases = (
				B23338B619C343940076B447 /* Sources */,
				B23338B719C343940076B447 /* Frameworks */,
				B23338B819C343940076B447 /* Resources */,
			);
			buildRules = (
			);
			dependencies = (
				B23338C019C343940076B447 /* PBXTargetDependency */,
			);
			name = StrechyParallaxScrollViewTests;
			productName = StrechyParallaxScrollViewTests;
			productReference = B23338BA19C343940076B447 /* StrechyParallaxScrollViewTests.xctest */;
			productType = "com.apple.product-type.bundle.unit-test";
		};
/* End PBXNativeTarget section */

/* Begin PBXProject section */
		B233389719C343940076B447 /* Project object */ = {
			isa = PBXProject;
			attributes = {
				LastUpgradeCheck = 0510;
				ORGANIZATIONNAME = questa;
				TargetAttributes = {
					B23338B919C343940076B447 = {
						TestTargetID = B233389E19C343940076B447;
					};
				};
			};
			buildConfigurationList = B233389A19C343940076B447 /* Build configuration list for PBXProject "StrechyParallaxScrollView" */;
			compatibilityVersion = "Xcode 3.2";
			developmentRegion = English;
			hasScannedForEncodings = 0;
			knownRegions = (
				en,
			);
			mainGroup = B233389619C343940076B447;
			productRefGroup = B23338A019C343940076B447 /* Products */;
			projectDirPath = "";
			projectRoot = "";
			targets = (
				B233389E19C343940076B447 /* StrechyParallaxScrollView */,
				B23338B919C343940076B447 /* StrechyParallaxScrollViewTests */,
			);
		};
/* End PBXProject section */

/* Begin PBXResourcesBuildPhase section */
		B233389D19C343940076B447 /* Resources */ = {
			isa = PBXResourcesBuildPhase;
			buildActionMask = 2147483647;
			files = (
				B22B322519C363F000E6AC15 /* LICENSE in Resources */,
				B22B322719C3642100E6AC15 /* demo.gif in Resources */,
				B23338AD19C343940076B447 /* InfoPlist.strings in Resources */,
				B23338B519C343940076B447 /* Images.xcassets in Resources */,
				B22B320019C3549000E6AC15 /* bg@2x.jpg in Resources */,
				B23338D919C354410076B447 /* profile@2x.jpg in Resources */,
			);
			runOnlyForDeploymentPostprocessing = 0;
		};
		B23338B819C343940076B447 /* Resources */ = {
			isa = PBXResourcesBuildPhase;
			buildActionMask = 2147483647;
			files = (
				B23338C619C343940076B447 /* InfoPlist.strings in Resources */,
			);
			runOnlyForDeploymentPostprocessing = 0;
		};
/* End PBXResourcesBuildPhase section */

/* Begin PBXSourcesBuildPhase section */
		B233389B19C343940076B447 /* Sources */ = {
			isa = PBXSourcesBuildPhase;
			buildActionMask = 2147483647;
			files = (
				B22B321D19C35F3200E6AC15 /* MASConstraintMaker.m in Sources */,
				B23338D419C343E60076B447 /* StrechyParallaxScrollView.m in Sources */,
				B23338B319C343940076B447 /* AppDelegate.m in Sources */,
				B22B321C19C35F3200E6AC15 /* MASConstraint.m in Sources */,
				B22B321E19C35F3200E6AC15 /* MASLayoutConstraint.m in Sources */,
				B22B322119C35F3200E6AC15 /* NSArray+MASAdditions.m in Sources */,
				B22B322019C35F3200E6AC15 /* MASViewConstraint.m in Sources */,
				B22B321F19C35F3200E6AC15 /* MASViewAttribute.m in Sources */,
				B22B322319C35F3200E6AC15 /* View+MASAdditions.m in Sources */,
				B23338D719C343F40076B447 /* TestViewController.m in Sources */,
				B23338AF19C343940076B447 /* main.m in Sources */,
				B22B321B19C35F3200E6AC15 /* MASCompositeConstraint.m in Sources */,
				B22B322219C35F3200E6AC15 /* NSLayoutConstraint+MASDebugAdditions.m in Sources */,
			);
			runOnlyForDeploymentPostprocessing = 0;
		};
		B23338B619C343940076B447 /* Sources */ = {
			isa = PBXSourcesBuildPhase;
			buildActionMask = 2147483647;
			files = (
				B23338C819C343940076B447 /* StrechyParallaxScrollViewTests.m in Sources */,
			);
			runOnlyForDeploymentPostprocessing = 0;
		};
/* End PBXSourcesBuildPhase section */

/* Begin PBXTargetDependency section */
		B23338C019C343940076B447 /* PBXTargetDependency */ = {
			isa = PBXTargetDependency;
			target = B233389E19C343940076B447 /* StrechyParallaxScrollView */;
			targetProxy = B23338BF19C343940076B447 /* PBXContainerItemProxy */;
		};
/* End PBXTargetDependency section */

/* Begin PBXVariantGroup section */
		B23338AB19C343940076B447 /* InfoPlist.strings */ = {
			isa = PBXVariantGroup;
			children = (
				B23338AC19C343940076B447 /* en */,
			);
			name = InfoPlist.strings;
			sourceTree = "<group>";
		};
		B23338C419C343940076B447 /* InfoPlist.strings */ = {
			isa = PBXVariantGroup;
			children = (
				B23338C519C343940076B447 /* en */,
			);
			name = InfoPlist.strings;
			sourceTree = "<group>";
		};
/* End PBXVariantGroup section */

/* Begin XCBuildConfiguration section */
		B23338C919C343940076B447 /* Debug */ = {
			isa = XCBuildConfiguration;
			buildSettings = {
				ALWAYS_SEARCH_USER_PATHS = NO;
				CLANG_CXX_LANGUAGE_STANDARD = "gnu++0x";
				CLANG_CXX_LIBRARY = "libc++";
				CLANG_ENABLE_MODULES = YES;
				CLANG_ENABLE_OBJC_ARC = YES;
				CLANG_WARN_BOOL_CONVERSION = YES;
				CLANG_WARN_CONSTANT_CONVERSION = YES;
				CLANG_WARN_DIRECT_OBJC_ISA_USAGE = YES_ERROR;
				CLANG_WARN_EMPTY_BODY = YES;
				CLANG_WARN_ENUM_CONVERSION = YES;
				CLANG_WARN_INT_CONVERSION = YES;
				CLANG_WARN_OBJC_ROOT_CLASS = YES_ERROR;
				CLANG_WARN__DUPLICATE_METHOD_MATCH = YES;
				"CODE_SIGN_IDENTITY[sdk=iphoneos*]" = "iPhone Developer";
				COPY_PHASE_STRIP = NO;
				GCC_C_LANGUAGE_STANDARD = gnu99;
				GCC_DYNAMIC_NO_PIC = NO;
				GCC_OPTIMIZATION_LEVEL = 0;
				GCC_PREPROCESSOR_DEFINITIONS = (
					"DEBUG=1",
					"$(inherited)",
				);
				GCC_SYMBOLS_PRIVATE_EXTERN = NO;
				GCC_WARN_64_TO_32_BIT_CONVERSION = YES;
				GCC_WARN_ABOUT_RETURN_TYPE = YES_ERROR;
				GCC_WARN_UNDECLARED_SELECTOR = YES;
				GCC_WARN_UNINITIALIZED_AUTOS = YES_AGGRESSIVE;
				GCC_WARN_UNUSED_FUNCTION = YES;
				GCC_WARN_UNUSED_VARIABLE = YES;
				IPHONEOS_DEPLOYMENT_TARGET = 7.1;
				ONLY_ACTIVE_ARCH = YES;
				SDKROOT = iphoneos;
			};
			name = Debug;
		};
		B23338CA19C343940076B447 /* Release */ = {
			isa = XCBuildConfiguration;
			buildSettings = {
				ALWAYS_SEARCH_USER_PATHS = NO;
				CLANG_CXX_LANGUAGE_STANDARD = "gnu++0x";
				CLANG_CXX_LIBRARY = "libc++";
				CLANG_ENABLE_MODULES = YES;
				CLANG_ENABLE_OBJC_ARC = YES;
				CLANG_WARN_BOOL_CONVERSION = YES;
				CLANG_WARN_CONSTANT_CONVERSION = YES;
				CLANG_WARN_DIRECT_OBJC_ISA_USAGE = YES_ERROR;
				CLANG_WARN_EMPTY_BODY = YES;
				CLANG_WARN_ENUM_CONVERSION = YES;
				CLANG_WARN_INT_CONVERSION = YES;
				CLANG_WARN_OBJC_ROOT_CLASS = YES_ERROR;
				CLANG_WARN__DUPLICATE_METHOD_MATCH = YES;
				"CODE_SIGN_IDENTITY[sdk=iphoneos*]" = "iPhone Developer";
				COPY_PHASE_STRIP = YES;
				ENABLE_NS_ASSERTIONS = NO;
				GCC_C_LANGUAGE_STANDARD = gnu99;
				GCC_WARN_64_TO_32_BIT_CONVERSION = YES;
				GCC_WARN_ABOUT_RETURN_TYPE = YES_ERROR;
				GCC_WARN_UNDECLARED_SELECTOR = YES;
				GCC_WARN_UNINITIALIZED_AUTOS = YES_AGGRESSIVE;
				GCC_WARN_UNUSED_FUNCTION = YES;
				GCC_WARN_UNUSED_VARIABLE = YES;
				IPHONEOS_DEPLOYMENT_TARGET = 7.1;
				SDKROOT = iphoneos;
				VALIDATE_PRODUCT = YES;
			};
			name = Release;
		};
		B23338CC19C343940076B447 /* Debug */ = {
			isa = XCBuildConfiguration;
			buildSettings = {
				ASSETCATALOG_COMPILER_APPICON_NAME = AppIcon;
				ASSETCATALOG_COMPILER_LAUNCHIMAGE_NAME = LaunchImage;
				GCC_PRECOMPILE_PREFIX_HEADER = YES;
				GCC_PREFIX_HEADER = "StrechyParallaxScrollView/StrechyParallaxScrollView-Prefix.pch";
				INFOPLIST_FILE = "StrechyParallaxScrollView/StrechyParallaxScrollView-Info.plist";
				PRODUCT_NAME = "$(TARGET_NAME)";
				WRAPPER_EXTENSION = app;
			};
			name = Debug;
		};
		B23338CD19C343940076B447 /* Release */ = {
			isa = XCBuildConfiguration;
			buildSettings = {
				ASSETCATALOG_COMPILER_APPICON_NAME = AppIcon;
				ASSETCATALOG_COMPILER_LAUNCHIMAGE_NAME = LaunchImage;
				GCC_PRECOMPILE_PREFIX_HEADER = YES;
				GCC_PREFIX_HEADER = "StrechyParallaxScrollView/StrechyParallaxScrollView-Prefix.pch";
				INFOPLIST_FILE = "StrechyParallaxScrollView/StrechyParallaxScrollView-Info.plist";
				PRODUCT_NAME = "$(TARGET_NAME)";
				WRAPPER_EXTENSION = app;
			};
			name = Release;
		};
		B23338CF19C343940076B447 /* Debug */ = {
			isa = XCBuildConfiguration;
			buildSettings = {
				BUNDLE_LOADER = "$(BUILT_PRODUCTS_DIR)/StrechyParallaxScrollView.app/StrechyParallaxScrollView";
				FRAMEWORK_SEARCH_PATHS = (
					"$(SDKROOT)/Developer/Library/Frameworks",
					"$(inherited)",
					"$(DEVELOPER_FRAMEWORKS_DIR)",
				);
				GCC_PRECOMPILE_PREFIX_HEADER = YES;
				GCC_PREFIX_HEADER = "StrechyParallaxScrollView/StrechyParallaxScrollView-Prefix.pch";
				GCC_PREPROCESSOR_DEFINITIONS = (
					"DEBUG=1",
					"$(inherited)",
				);
				INFOPLIST_FILE = "StrechyParallaxScrollViewTests/StrechyParallaxScrollViewTests-Info.plist";
				PRODUCT_NAME = "$(TARGET_NAME)";
				TEST_HOST = "$(BUNDLE_LOADER)";
				WRAPPER_EXTENSION = xctest;
			};
			name = Debug;
		};
		B23338D019C343940076B447 /* Release */ = {
			isa = XCBuildConfiguration;
			buildSettings = {
				BUNDLE_LOADER = "$(BUILT_PRODUCTS_DIR)/StrechyParallaxScrollView.app/StrechyParallaxScrollView";
				FRAMEWORK_SEARCH_PATHS = (
					"$(SDKROOT)/Developer/Library/Frameworks",
					"$(inherited)",
					"$(DEVELOPER_FRAMEWORKS_DIR)",
				);
				GCC_PRECOMPILE_PREFIX_HEADER = YES;
				GCC_PREFIX_HEADER = "StrechyParallaxScrollView/StrechyParallaxScrollView-Prefix.pch";
				INFOPLIST_FILE = "StrechyParallaxScrollViewTests/StrechyParallaxScrollViewTests-Info.plist";
				PRODUCT_NAME = "$(TARGET_NAME)";
				TEST_HOST = "$(BUNDLE_LOADER)";
				WRAPPER_EXTENSION = xctest;
			};
			name = Release;
		};
/* End XCBuildConfiguration section */

/* Begin XCConfigurationList section */
		B233389A19C343940076B447 /* Build configuration list for PBXProject "StrechyParallaxScrollView" */ = {
			isa = XCConfigurationList;
			buildConfigurations = (
				B23338C919C343940076B447 /* Debug */,
				B23338CA19C343940076B447 /* Release */,
			);
			defaultConfigurationIsVisible = 0;
			defaultConfigurationName = Release;
		};
		B23338CB19C343940076B447 /* Build configuration list for PBXNativeTarget "StrechyParallaxScrollView" */ = {
			isa = XCConfigurationList;
			buildConfigurations = (
				B23338CC19C343940076B447 /* Debug */,
				B23338CD19C343940076B447 /* Release */,
			);
			defaultConfigurationIsVisible = 0;
			defaultConfigurationName = Release;
		};
		B23338CE19C343940076B447 /* Build configuration list for PBXNativeTarget "StrechyParallaxScrollViewTests" */ = {
			isa = XCConfigurationList;
			buildConfigurations = (
				B23338CF19C343940076B447 /* Debug */,
				B23338D019C343940076B447 /* Release */,
			);
			defaultConfigurationIsVisible = 0;
			defaultConfigurationName = Release;
		};
/* End XCConfigurationList section */
	};
	rootObject = B233389719C343940076B447 /* Project object */;
}
